
Microsoft Visual Studio Solution File, Format Version 12.00
# Visual Studio 14
VisualStudioVersion = 14.0.23107.0
MinimumVisualStudioVersion = 10.0.40219.1
Project("{FAE04EC0-301F-11D3-BF4B-00C04F79EFBC}") = "MWeb.Web", "OSWeb.Web\MWeb.Web.csproj", "{C499575C-267D-49B7-B59E-AD9EEED593CD}"
	ProjectSection(ProjectDependencies) = postProject
		{B7F18975-3A39-4FB5-847E-17ECB586A889} = {B7F18975-3A39-4FB5-847E-17ECB586A889}
	EndProjectSection
EndProject
Project("{FAE04EC0-301F-11D3-BF4B-00C04F79EFBC}") = "MWeb.Common", "OSWeb.Common\MWeb.Common.csproj", "{B7F18975-3A39-4FB5-847E-17ECB586A889}"
EndProject
Project("{2150E333-8FDC-42A3-9474-1A3956D46DE8}") = "MWeb", "MWeb", "{1D203FB2-4B5C-4F98-98DF-876A249CCA74}"
EndProject
Project("{2150E333-8FDC-42A3-9474-1A3956D46DE8}") = "MWeb.WCF", "MWeb.WCF", "{609E793C-942B-422C-87CC-19A2F7BED15F}"
EndProject
Project("{2150E333-8FDC-42A3-9474-1A3956D46DE8}") = "MWeb.Web", "MWeb.Web", "{8BFA41E7-8D76-449B-B359-F55456ECB120}"
EndProject
Project("{2150E333-8FDC-42A3-9474-1A3956D46DE8}") = "MWeb.Common", "MWeb.Common", "{ABEDF9F2-3371-4BA5-A8DA-25A7F523DCCA}"
EndProject
Project("{FAE04EC0-301F-11D3-BF4B-00C04F79EFBC}") = "MWeb.WCF.Service", "OSWeb.WCF\MWeb.WCF.Service.csproj", "{B13A1D3F-F329-4C82-892E-FFC6D4796F42}"
EndProject
Project("{FAE04EC0-301F-11D3-BF4B-00C04F79EFBC}") = "MWeb.WCF.Business", "OSWeb.WCF.Business\MWeb.WCF.Business.csproj", "{7CE6B254-2D5A-4453-B771-3F4AA12C24ED}"
	ProjectSection(ProjectDependencies) = postProject
		{8FBC421C-77ED-4B8C-9D72-2B4F5F503094} = {8FBC421C-77ED-4B8C-9D72-2B4F5F503094}
	EndProjectSection
EndProject
Project("{FAE04EC0-301F-11D3-BF4B-00C04F79EFBC}") = "MWeb.WCF.DataAccess", "OSWeb.WCF.DataAccess\MWeb.WCF.DataAccess.csproj", "{63A9238A-3824-45F2-A782-F489139FE9CD}"
	ProjectSection(ProjectDependencies) = postProject
		{DB57D48C-7A02-43D9-97CD-15D37584018E} = {DB57D48C-7A02-43D9-97CD-15D37584018E}
	EndProjectSection
EndProject
Project("{FAE04EC0-301F-11D3-BF4B-00C04F79EFBC}") = "MWeb.WCF.InjectionDependency", "OSWeb.WCF.InjectionDependency\MWeb.WCF.InjectionDependency.csproj", "{3E770EC6-45A3-4776-8D69-75D7DE5FF642}"
EndProject
Project("{2150E333-8FDC-42A3-9474-1A3956D46DE8}") = "MWeb.DataBase", "MWeb.DataBase", "{97C12A02-B817-4F76-B77C-756B9FD9934E}"
EndProject
Project("{00D1A9C2-B5F0-4AF3-8072-F6C62B433612}") = "MWeb.DataBase", "OSWeb.DataBase\MWeb.DataBase.sqlproj", "{614F593E-44D4-4EAB-941B-4874DDAED6F4}"
EndProject
Project("{FAE04EC0-301F-11D3-BF4B-00C04F79EFBC}") = "MWeb.WCF.Business.Interface", "OSWeb.WCF.Business.Interface\MWeb.WCF.Business.Interface.csproj", "{8FBC421C-77ED-4B8C-9D72-2B4F5F503094}"
EndProject
Project("{FAE04EC0-301F-11D3-BF4B-00C04F79EFBC}") = "MWeb.WCF.DataAccess.Interface", "OSWeb.WCF.DataAccess.Interface\MWeb.WCF.DataAccess.Interface.csproj", "{DB57D48C-7A02-43D9-97CD-15D37584018E}"
EndProject
Project("{FAE04EC0-301F-11D3-BF4B-00C04F79EFBC}") = "MWeb.WCF.Entity", "OSWeb.WCF.Entity\MWeb.WCF.Entity.csproj", "{2BE50532-1D77-4794-9EEF-70B6ECFB3B0F}"
EndProject
Global
	GlobalSection(SolutionConfigurationPlatforms) = preSolution
		Debug|Any CPU = Debug|Any CPU
		Release|Any CPU = Release|Any CPU
	EndGlobalSection
	GlobalSection(ProjectConfigurationPlatforms) = postSolution
		{C499575C-267D-49B7-B59E-AD9EEED593CD}.Debug|Any CPU.ActiveCfg = Debug|Any CPU
		{C499575C-267D-49B7-B59E-AD9EEED593CD}.Debug|Any CPU.Build.0 = Debug|Any CPU
		{C499575C-267D-49B7-B59E-AD9EEED593CD}.Release|Any CPU.ActiveCfg = Release|Any CPU
		{C499575C-267D-49B7-B59E-AD9EEED593CD}.Release|Any CPU.Build.0 = Release|Any CPU
		{B7F18975-3A39-4FB5-847E-17ECB586A889}.Debug|Any CPU.ActiveCfg = Debug|Any CPU
		{B7F18975-3A39-4FB5-847E-17ECB586A889}.Debug|Any CPU.Build.0 = Debug|Any CPU
		{B7F18975-3A39-4FB5-847E-17ECB586A889}.Debug|Any CPU.Deploy.0 = Debug|Any CPU
		{B7F18975-3A39-4FB5-847E-17ECB586A889}.Release|Any CPU.ActiveCfg = Release|Any CPU
		{B7F18975-3A39-4FB5-847E-17ECB586A889}.Release|Any CPU.Build.0 = Release|Any CPU
		{B13A1D3F-F329-4C82-892E-FFC6D4796F42}.Debug|Any CPU.ActiveCfg = Debug|Any CPU
		{B13A1D3F-F329-4C82-892E-FFC6D4796F42}.Debug|Any CPU.Build.0 = Debug|Any CPU
		{B13A1D3F-F329-4C82-892E-FFC6D4796F42}.Release|Any CPU.ActiveCfg = Release|Any CPU
		{B13A1D3F-F329-4C82-892E-FFC6D4796F42}.Release|Any CPU.Build.0 = Release|Any CPU
		{7CE6B254-2D5A-4453-B771-3F4AA12C24ED}.Debug|Any CPU.ActiveCfg = Debug|Any CPU
		{7CE6B254-2D5A-4453-B771-3F4AA12C24ED}.Debug|Any CPU.Build.0 = Debug|Any CPU
		{7CE6B254-2D5A-4453-B771-3F4AA12C24ED}.Release|Any CPU.ActiveCfg = Release|Any CPU
		{7CE6B254-2D5A-4453-B771-3F4AA12C24ED}.Release|Any CPU.Build.0 = Release|Any CPU
		{63A9238A-3824-45F2-A782-F489139FE9CD}.Debug|Any CPU.ActiveCfg = Debug|Any CPU
		{63A9238A-3824-45F2-A782-F489139FE9CD}.Debug|Any CPU.Build.0 = Debug|Any CPU
		{63A9238A-3824-45F2-A782-F489139FE9CD}.Release|Any CPU.ActiveCfg = Release|Any CPU
		{63A9238A-3824-45F2-A782-F489139FE9CD}.Release|Any CPU.Build.0 = Release|Any CPU
		{3E770EC6-45A3-4776-8D69-75D7DE5FF642}.Debug|Any CPU.ActiveCfg = Debug|Any CPU
		{3E770EC6-45A3-4776-8D69-75D7DE5FF642}.Debug|Any CPU.Build.0 = Debug|Any CPU
		{3E770EC6-45A3-4776-8D69-75D7DE5FF642}.Release|Any CPU.ActiveCfg = Release|Any CPU
		{3E770EC6-45A3-4776-8D69-75D7DE5FF642}.Release|Any CPU.Build.0 = Release|Any CPU
		{614F593E-44D4-4EAB-941B-4874DDAED6F4}.Debug|Any CPU.ActiveCfg = Debug|Any CPU
		{614F593E-44D4-4EAB-941B-4874DDAED6F4}.Debug|Any CPU.Build.0 = Debug|Any CPU
		{614F593E-44D4-4EAB-941B-4874DDAED6F4}.Debug|Any CPU.Deploy.0 = Debug|Any CPU
		{614F593E-44D4-4EAB-941B-4874DDAED6F4}.Release|Any CPU.ActiveCfg = Release|Any CPU
		{614F593E-44D4-4EAB-941B-4874DDAED6F4}.Release|Any CPU.Build.0 = Release|Any CPU
		{614F593E-44D4-4EAB-941B-4874DDAED6F4}.Release|Any CPU.Deploy.0 = Release|Any CPU
		{8FBC421C-77ED-4B8C-9D72-2B4F5F503094}.Debug|Any CPU.ActiveCfg = Debug|Any CPU
		{8FBC421C-77ED-4B8C-9D72-2B4F5F503094}.Debug|Any CPU.Build.0 = Debug|Any CPU
		{8FBC421C-77ED-4B8C-9D72-2B4F5F503094}.Release|Any CPU.ActiveCfg = Release|Any CPU
		{8FBC421C-77ED-4B8C-9D72-2B4F5F503094}.Release|Any CPU.Build.0 = Release|Any CPU
		{DB57D48C-7A02-43D9-97CD-15D37584018E}.Debug|Any CPU.ActiveCfg = Debug|Any CPU
		{DB57D48C-7A02-43D9-97CD-15D37584018E}.Debug|Any CPU.Build.0 = Debug|Any CPU
		{DB57D48C-7A02-43D9-97CD-15D37584018E}.Release|Any CPU.ActiveCfg = Release|Any CPU
		{DB57D48C-7A02-43D9-97CD-15D37584018E}.Release|Any CPU.Build.0 = Release|Any CPU
		{2BE50532-1D77-4794-9EEF-70B6ECFB3B0F}.Debug|Any CPU.ActiveCfg = Debug|Any CPU
		{2BE50532-1D77-4794-9EEF-70B6ECFB3B0F}.Debug|Any CPU.Build.0 = Debug|Any CPU
		{2BE50532-1D77-4794-9EEF-70B6ECFB3B0F}.Release|Any CPU.ActiveCfg = Release|Any CPU
		{2BE50532-1D77-4794-9EEF-70B6ECFB3B0F}.Release|Any CPU.Build.0 = Release|Any CPU
	EndGlobalSection
	GlobalSection(SolutionProperties) = preSolution
		HideSolutionNode = FALSE
	EndGlobalSection
	GlobalSection(NestedProjects) = preSolution
		{C499575C-267D-49B7-B59E-AD9EEED593CD} = {8BFA41E7-8D76-449B-B359-F55456ECB120}
		{B7F18975-3A39-4FB5-847E-17ECB586A889} = {ABEDF9F2-3371-4BA5-A8DA-25A7F523DCCA}
		{609E793C-942B-422C-87CC-19A2F7BED15F} = {1D203FB2-4B5C-4F98-98DF-876A249CCA74}
		{8BFA41E7-8D76-449B-B359-F55456ECB120} = {1D203FB2-4B5C-4F98-98DF-876A249CCA74}
		{ABEDF9F2-3371-4BA5-A8DA-25A7F523DCCA} = {1D203FB2-4B5C-4F98-98DF-876A249CCA74}
		{B13A1D3F-F329-4C82-892E-FFC6D4796F42} = {609E793C-942B-422C-87CC-19A2F7BED15F}
		{7CE6B254-2D5A-4453-B771-3F4AA12C24ED} = {609E793C-942B-422C-87CC-19A2F7BED15F}
		{63A9238A-3824-45F2-A782-F489139FE9CD} = {609E793C-942B-422C-87CC-19A2F7BED15F}
		{3E770EC6-45A3-4776-8D69-75D7DE5FF642} = {609E793C-942B-422C-87CC-19A2F7BED15F}
		{97C12A02-B817-4F76-B77C-756B9FD9934E} = {1D203FB2-4B5C-4F98-98DF-876A249CCA74}
		{614F593E-44D4-4EAB-941B-4874DDAED6F4} = {97C12A02-B817-4F76-B77C-756B9FD9934E}
		{8FBC421C-77ED-4B8C-9D72-2B4F5F503094} = {609E793C-942B-422C-87CC-19A2F7BED15F}
		{DB57D48C-7A02-43D9-97CD-15D37584018E} = {609E793C-942B-422C-87CC-19A2F7BED15F}
		{2BE50532-1D77-4794-9EEF-70B6ECFB3B0F} = {609E793C-942B-422C-87CC-19A2F7BED15F}
	EndGlobalSection
EndGlobal
